
Microsoft Visual Studio Solution File, Format Version 12.00
# Visual Studio Version 16
VisualStudioVersion = 16.0.30320.27
MinimumVisualStudioVersion = 10.0.40219.1
Project("{8BC9CEB8-8B4A-11D0-8D11-00A0C91BC942}") = "Ch12-17_ProcessingEmployeePolymorphism", "Ch12-17_ProcessingEmployeePolymorphism.vcxproj", "{26A85509-AC5A-426B-8196-F4ADA7FCAC54}"
EndProject
Global
	GlobalSection(SolutionConfigurationPlatforms) = preSolution
		Debug|x64 = Debug|x64
		Debug|x86 = Debug|x86
		Release|x64 = Release|x64
		Release|x86 = Release|x86
	EndGlobalSection
	GlobalSection(ProjectConfigurationPlatforms) = postSolution
		{26A85509-AC5A-426B-8196-F4ADA7FCAC54}.Debug|x64.ActiveCfg = Debug|x64
		{26A85509-AC5A-426B-8196-F4ADA7FCAC54}.Debug|x64.Build.0 = Debug|x64
		{26A85509-AC5A-426B-8196-F4ADA7FCAC54}.Debug|x86.ActiveCfg = Debug|Win32
		{26A85509-AC5A-426B-8196-F4ADA7FCAC54}.Debug|x86.Build.0 = Debug|Win32
		{26A85509-AC5A-426B-8196-F4ADA7FCAC54}.Release|x64.ActiveCfg = Release|x64
		{26A85509-AC5A-426B-8196-F4ADA7FCAC54}.Release|x64.Build.0 = Release|x64
		{26A85509-AC5A-426B-8196-F4ADA7FCAC54}.Release|x86.ActiveCfg = Release|Win32
		{26A85509-AC5A-426B-8196-F4ADA7FCAC54}.Release|x86.Build.0 = Release|Win32
	EndGlobalSection
	GlobalSection(SolutionProperties) = preSolution
		HideSolutionNode = FALSE
	EndGlobalSection
	GlobalSection(ExtensibilityGlobals) = postSolution
		SolutionGuid = {39DA07DC-2F6E-43FD-964D-11CF3CA07BE7}
	EndGlobalSection
EndGlobal
